{
  "originHash" : "6782257ca1eedb60207e09a1b54f9fd3e1095bbd4811cf3f81a5aeff9c6a3141",
  "pins" : [
    {
      "identity" : "swiftopenui",
      "kind" : "remoteSourceControl",
      "location" : "https://github.com/FesterCluck/SwiftOpenUI",
      "state" : {
        "branch" : "fix/gtk4-application-flags-linux-import",
        "revision" : "7c7434c74557af62da05c9a34e947ce717e21bb0"
      }
    }
  ],
  "version" : 3
}
